
Microsoft Visual Studio Solution File, Format Version 12.00
# Visual Studio Version 17
VisualStudioVersion = 17.5.33516.290
MinimumVisualStudioVersion = 10.0.40219.1
Project("{FAE04EC0-301F-11D3-BF4B-00C04F79EFBC}") = "Bonus_csharp-bookstore", "Bonus_csharp-bookstore\Bonus_csharp-bookstore.csproj", "{75D6A9CB-5DFF-4592-B16C-4C754280EAE9}"
EndProject
Global
	GlobalSection(SolutionConfigurationPlatforms) = preSolution
		Debug|Any CPU = Debug|Any CPU
		Release|Any CPU = Release|Any CPU
	EndGlobalSection
	GlobalSection(ProjectConfigurationPlatforms) = postSolution
		{75D6A9CB-5DFF-4592-B16C-4C754280EAE9}.Debug|Any CPU.ActiveCfg = Debug|Any CPU
		{75D6A9CB-5DFF-4592-B16C-4C754280EAE9}.Debug|Any CPU.Build.0 = Debug|Any CPU
		{75D6A9CB-5DFF-4592-B16C-4C754280EAE9}.Release|Any CPU.ActiveCfg = Release|Any CPU
		{75D6A9CB-5DFF-4592-B16C-4C754280EAE9}.Release|Any CPU.Build.0 = Release|Any CPU
	EndGlobalSection
	GlobalSection(SolutionProperties) = preSolution
		HideSolutionNode = FALSE
	EndGlobalSection
	GlobalSection(ExtensibilityGlobals) = postSolution
		SolutionGuid = {3362E597-DC98-4B41-9122-0C2412D4A883}
	EndGlobalSection
EndGlobal
